Microsoft Visual Studio Solution File, Format Version 12.00
# Visual Studio Version 17
VisualStudioVersion = 17.5.2.0
MinimumVisualStudioVersion = 10.0.40219.1
Project("{FAE04EC0-301F-11D3-BF4B-00C04F79EFBC}") = "BankApp.Api", "BankApp.Api.csproj", "{66EF9299-4F5E-12B6-6139-3FB00A172839}"
EndProject
Global
	GlobalSection(SolutionConfigurationPlatforms) = preSolution
		Debug|Any CPU = Debug|Any CPU
		Release|Any CPU = Release|Any CPU
	EndGlobalSection
	GlobalSection(ProjectConfigurationPlatforms) = postSolution
		{66EF9299-4F5E-12B6-6139-3FB00A172839}.Debug|Any CPU.ActiveCfg = Debug|Any CPU
		{66EF9299-4F5E-12B6-6139-3FB00A172839}.Debug|Any CPU.Build.0 = Debug|Any CPU
		{66EF9299-4F5E-12B6-6139-3FB00A172839}.Release|Any CPU.ActiveCfg = Release|Any CPU
		{66EF9299-4F5E-12B6-6139-3FB00A172839}.Release|Any CPU.Build.0 = Release|Any CPU
	EndGlobalSection
	GlobalSection(SolutionProperties) = preSolution
		HideSolutionNode = FALSE
	EndGlobalSection
	GlobalSection(ExtensibilityGlobals) = postSolution
		SolutionGuid = {186100C1-270B-4D08-BDEE-9232A70B84C2}
	EndGlobalSection
EndGlobal
